
Microsoft Visual Studio Solution File, Format Version 12.00
Project("{FAE04EC0-301F-11D3-BF4B-00C04F79EFBC}") = "MetabaseEmbedding", "src\MetabaseEmbedding\MetabaseEmbedding.csproj", "{3F4B1936-A011-476D-BB50-1E3B7403845E}"
EndProject
Project("{FAE04EC0-301F-11D3-BF4B-00C04F79EFBC}") = "MetabaseEmbeddingTests", "src\MetabaseEmbeddingTests\MetabaseEmbeddingTests.csproj", "{392F658D-95FD-4EAB-8195-BC86ACF1250C}"
EndProject
Project("{2150E333-8FDC-42A3-9474-1A3956D46DE8}") = "Solution Items", "Solution Items", "{74E5C995-943C-440B-81BE-C679FD6896EF}"
ProjectSection(SolutionItems) = preProject
	LICENSE.txt = LICENSE.txt
	README.md = README.md
EndProjectSection
EndProject
Global
	GlobalSection(SolutionConfigurationPlatforms) = preSolution
		Debug|Any CPU = Debug|Any CPU
		Release|Any CPU = Release|Any CPU
	EndGlobalSection
	GlobalSection(ProjectConfigurationPlatforms) = postSolution
		{3F4B1936-A011-476D-BB50-1E3B7403845E}.Debug|Any CPU.ActiveCfg = Debug|Any CPU
		{3F4B1936-A011-476D-BB50-1E3B7403845E}.Debug|Any CPU.Build.0 = Debug|Any CPU
		{3F4B1936-A011-476D-BB50-1E3B7403845E}.Release|Any CPU.ActiveCfg = Release|Any CPU
		{3F4B1936-A011-476D-BB50-1E3B7403845E}.Release|Any CPU.Build.0 = Release|Any CPU
		{392F658D-95FD-4EAB-8195-BC86ACF1250C}.Debug|Any CPU.ActiveCfg = Debug|Any CPU
		{392F658D-95FD-4EAB-8195-BC86ACF1250C}.Debug|Any CPU.Build.0 = Debug|Any CPU
		{392F658D-95FD-4EAB-8195-BC86ACF1250C}.Release|Any CPU.ActiveCfg = Release|Any CPU
		{392F658D-95FD-4EAB-8195-BC86ACF1250C}.Release|Any CPU.Build.0 = Release|Any CPU
	EndGlobalSection
EndGlobal
